# This file was autogenerated by Stack.
# You should not edit this file by hand.
# For more information, please see the documentation at:
#   https://docs.haskellstack.org/en/stable/lock_files

packages:
- completed:
    hackage: invariant-0.6@sha256:67ecd31a36c3a9a686a8bee9dbee5a395a4c68b758262413c0355bae03a5a114,3563
    pantry-tree:
      sha256: 891bd4f57f67034760437dd19387122b236f1141151ed8f62682b3088ad85e20
      size: 650
  original:
    hackage: invariant-0.6
- completed:
    hackage: countable-1.2@sha256:4c1d43a9886ddd9ef02b3df7042122d8cf3390256d51b061b24365b682652ad2,2638
    pantry-tree:
      sha256: 38f62a16602902874ec79a107966c3147de25a94e39cb846ce18ac14d2adbdc4
      size: 1050
  original:
    hackage: countable-1.2
- completed:
    hackage: witness-0.6.1@sha256:b522cb9e4d6eea7cb6361c50ec330ecc82d69596f57dbdff1dcee2127b557adc,3690
    pantry-tree:
      sha256: 71817dc97637b387de201feaece2285b629e7ca2a66ef5889115efc1c0eb82f6
      size: 2985
  original:
    hackage: witness-0.6.1
- completed:
    hackage: type-rig-0.1@sha256:7ca3cb544b28926b2070cd45969beb5c65d540e15f487df824cbc738c2f5fb1a,2158
    pantry-tree:
      sha256: 361a154dcc5f62c3fe54d072a7094b97c3ff4f753f9370ef17b17859c76e4662
      size: 472
  original:
    hackage: type-rig-0.1
snapshots:
- completed:
    sha256: 2e7d4a730d8eb5373b2d383fac84efcf7c81e3b7a5fce71b4c2e19a1768f25a6
    size: 640239
    url: https://raw.githubusercontent.com/commercialhaskell/stackage-snapshots/master/lts/21/6.yaml
  original: lts-21.6
