# This file was autogenerated by Stack.
# You should not edit this file by hand.
# For more information, please see the documentation at:
#   https://docs.haskellstack.org/en/stable/lock_files

packages:
- completed:
    hackage: countable-1.2@sha256:4c1d43a9886ddd9ef02b3df7042122d8cf3390256d51b061b24365b682652ad2,2638
    pantry-tree:
      size: 1050
      sha256: 38f62a16602902874ec79a107966c3147de25a94e39cb846ce18ac14d2adbdc4
  original:
    hackage: countable-1.2
- completed:
    hackage: witness-0.6@sha256:62d4c841d71fc4856a3221a945f9053b6bfaf8d1e6414dc834afb657222ff050,3513
    pantry-tree:
      size: 2710
      sha256: 5b819be1799624137a7fa96cbb459443c32cea904fe3df3394960cd2db3c3c03
  original:
    hackage: witness-0.6
snapshots:
- completed:
    size: 619093
    url: https://raw.githubusercontent.com/commercialhaskell/stackage-snapshots/master/lts/19/5.yaml
    sha256: b936d27d647a31a8834d3efec126e2a07dee9c9bd6dd401d9bdac77e7b278f1e
  original: lts-19.5
